// !$*UTF8*$!
{
	archiveVersion = 1;
	classes = {
	};
	objectVersion = 46;
	objects = {

/* Begin PBXBuildFile section */
		ED09E6121C383C7B00BC1E6A /* AppDelegate.swift in Sources */ = {isa = PBXBuildFile; fileRef = ED09E6111C383C7B00BC1E6A /* AppDelegate.swift */; };
		ED09E6141C383C7B00BC1E6A /* ViewController.swift in Sources */ = {isa = PBXBuildFile; fileRef = ED09E6131C383C7B00BC1E6A /* ViewController.swift */; };
		ED09E6171C383C7B00BC1E6A /* Main.storyboard in Resources */ = {isa = PBXBuildFile; fileRef = ED09E6151C383C7B00BC1E6A /* Main.storyboard */; };
		ED09E6191C383C7B00BC1E6A /* Assets.xcassets in Resources */ = {isa = PBXBuildFile; fileRef = ED09E6181C383C7B00BC1E6A /* Assets.xcassets */; };
		ED09E61C1C383C7B00BC1E6A /* LaunchScreen.storyboard in Resources */ = {isa = PBXBuildFile; fileRef = ED09E61A1C383C7B00BC1E6A /* LaunchScreen.storyboard */; };
/* End PBXBuildFile section */

/* Begin PBXFileReference section */
		ED09E60E1C383C7B00BC1E6A /* MathLayout.app */ = {isa = PBXFileReference; explicitFileType = wrapper.application; includeInIndex = 0; path = MathLayout.app; sourceTree = BUILT_PRODUCTS_DIR; };
		ED09E6111C383C7B00BC1E6A /* AppDelegate.swift */ = {isa = PBXFileReference; lastKnownFileType = sourcecode.swift; path = AppDelegate.swift; sourceTree = "<group>"; };
		ED09E6131C383C7B00BC1E6A /* ViewController.swift */ = {isa = PBXFileReference; lastKnownFileType = sourcecode.swift; path = ViewController.swift; sourceTree = "<group>"; };
		ED09E6161C383C7B00BC1E6A /* Base */ = {isa = PBXFileReference; lastKnownFileType = file.storyboard; name = Base; path = Base.lproj/Main.storyboard; sourceTree = "<group>"; };
		ED09E6181C383C7B00BC1E6A /* Assets.xcassets */ = {isa = PBXFileReference; lastKnownFileType = folder.assetcatalog; path = Assets.xcassets; sourceTree = "<group>"; };
		ED09E61B1C383C7B00BC1E6A /* Base */ = {isa = PBXFileReference; lastKnownFileType = file.storyboard; name = Base; path = Base.lproj/LaunchScreen.storyboard; sourceTree = "<group>"; };
		ED09E61D1C383C7B00BC1E6A /* Info.plist */ = {isa = PBXFileReference; lastKnownFileType = text.plist.xml; path = Info.plist; sourceTree = "<group>"; };
/* End PBXFileReference section */

/* Begin PBXFrameworksBuildPhase section */
		ED09E60B1C383C7B00BC1E6A /* Frameworks */ = {
			isa = PBXFrameworksBuildPhase;
			buildActionMask = 2147483647;
			files = (
			);
			runOnlyForDeploymentPostprocessing = 0;
		};
/* End PBXFrameworksBuildPhase section */

/* Begin PBXGroup section */
		ED09E6051C383C7B00BC1E6A = {
			isa = PBXGroup;
			children = (
				ED09E6101C383C7B00BC1E6A /* MathLayout */,
				ED09E60F1C383C7B00BC1E6A /* Products */,
			);
			sourceTree = "<group>";
		};
		ED09E60F1C383C7B00BC1E6A /* Products */ = {
			isa = PBXGroup;
			children = (
				ED09E60E1C383C7B00BC1E6A /* MathLayout.app */,
			);
			name = Products;
			sourceTree = "<group>";
		};
		ED09E6101C383C7B00BC1E6A /* MathLayout */ = {
			isa = PBXGroup;
			children = (
				ED09E6111C383C7B00BC1E6A /* AppDelegate.swift */,
				ED09E6131C383C7B00BC1E6A /* ViewController.swift */,
				ED09E6151C383C7B00BC1E6A /* Main.storyboard */,
				ED09E6181C383C7B00BC1E6A /* Assets.xcassets */,
				ED09E61A1C383C7B00BC1E6A /* LaunchScreen.storyboard */,
				ED09E61D1C383C7B00BC1E6A /* Info.plist */,
			);
			path = MathLayout;
			sourceTree = "<group>";
		};
/* End PBXGroup section */

/* Begin PBXNativeTarget section */
		ED09E60D1C383C7B00BC1E6A /* MathLayout */ = {
			isa = PBXNativeTarget;
			buildConfigurationList = ED09E6201C383C7B00BC1E6A /* Build configuration list for PBXNativeTarget "MathLayout" */;
			buildPhases = (
				ED09E60A1C383C7B00BC1E6A /* Sources */,
				ED09E60B1C383C7B00BC1E6A /* Frameworks */,
				ED09E60C1C383C7B00BC1E6A /* Resources */,
			);
			buildRules = (
			);
			dependencies = (
			);
			name = MathLayout;
			productName = MathLayout;
			productReference = ED09E60E1C383C7B00BC1E6A /* MathLayout.app */;
			productType = "com.apple.product-type.application";
		};
/* End PBXNativeTarget section */

/* Begin PBXProject section */
		ED09E6061C383C7B00BC1E6A /* Project object */ = {
			isa = PBXProject;
			attributes = {
				LastSwiftUpdateCheck = 0720;
				LastUpgradeCheck = 0720;
				ORGANIZATIONNAME = likers33;
				TargetAttributes = {
					ED09E60D1C383C7B00BC1E6A = {
						CreatedOnToolsVersion = 7.2;
					};
				};
			};
			buildConfigurationList = ED09E6091C383C7B00BC1E6A /* Build configuration list for PBXProject "MathLayout" */;
			compatibilityVersion = "Xcode 3.2";
			developmentRegion = English;
			hasScannedForEncodings = 0;
			knownRegions = (
				en,
				Base,
			);
			mainGroup = ED09E6051C383C7B00BC1E6A;
			productRefGroup = ED09E60F1C383C7B00BC1E6A /* Products */;
			projectDirPath = "";
			projectRoot = "";
			targets = (
				ED09E60D1C383C7B00BC1E6A /* MathLayout */,
			);
		};
/* End PBXProject section */

/* Begin PBXResourcesBuildPhase section */
		ED09E60C1C383C7B00BC1E6A /* Resources */ = {
			isa = PBXResourcesBuildPhase;
			buildActionMask = 2147483647;
			files = (
				ED09E61C1C383C7B00BC1E6A /* LaunchScreen.storyboard in Resources */,
				ED09E6191C383C7B00BC1E6A /* Assets.xcassets in Resources */,
				ED09E6171C383C7B00BC1E6A /* Main.storyboard in Resources */,
			);
			runOnlyForDeploymentPostprocessing = 0;
		};
/* End PBXResourcesBuildPhase section */

/* Begin PBXSourcesBuildPhase section */
		ED09E60A1C383C7B00BC1E6A /* Sources */ = {
			isa = PBXSourcesBuildPhase;
			buildActionMask = 2147483647;
			files = (
				ED09E6141C383C7B00BC1E6A /* ViewController.swift in Sources */,
				ED09E6121C383C7B00BC1E6A /* AppDelegate.swift in Sources */,
			);
			runOnlyForDeploymentPostprocessing = 0;
		};
/* End PBXSourcesBuildPhase section */

/* Begin PBXVariantGroup section */
		ED09E6151C383C7B00BC1E6A /* Main.storyboard */ = {
			isa = PBXVariantGroup;
			children = (
				ED09E6161C383C7B00BC1E6A /* Base */,
			);
			name = Main.storyboard;
			sourceTree = "<group>";
		};
		ED09E61A1C383C7B00BC1E6A /* LaunchScreen.storyboard */ = {
			isa = PBXVariantGroup;
			children = (
				ED09E61B1C383C7B00BC1E6A /* Base */,
			);
			name = LaunchScreen.storyboard;
			sourceTree = "<group>";
		};
/* End PBXVariantGroup section */

/* Begin XCBuildConfiguration section */
		ED09E61E1C383C7B00BC1E6A /* Debug */ = {
			isa = XCBuildConfiguration;
			buildSettings = {
				ALWAYS_SEARCH_USER_PATHS = NO;
				CLANG_CXX_LANGUAGE_STANDARD = "gnu++0x";
				CLANG_CXX_LIBRARY = "libc++";
				CLANG_ENABLE_MODULES = YES;
				CLANG_ENABLE_OBJC_ARC = YES;
				CLANG_WARN_BOOL_CONVERSION = YES;
				CLANG_WARN_CONSTANT_CONVERSION = YES;
				CLANG_WARN_DIRECT_OBJC_ISA_USAGE = YES_ERROR;
				CLANG_WARN_EMPTY_BODY = YES;
				CLANG_WARN_ENUM_CONVERSION = YES;
				CLANG_WARN_INT_CONVERSION = YES;
				CLANG_WARN_OBJC_ROOT_CLASS = YES_ERROR;
				CLANG_WARN_UNREACHABLE_CODE = YES;
				CLANG_WARN__DUPLICATE_METHOD_MATCH = YES;
				"CODE_SIGN_IDENTITY[sdk=iphoneos*]" = "iPhone Developer";
				COPY_PHASE_STRIP = NO;
				DEBUG_INFORMATION_FORMAT = dwarf;
				ENABLE_STRICT_OBJC_MSGSEND = YES;
				ENABLE_TESTABILITY = YES;
				GCC_C_LANGUAGE_STANDARD = gnu99;
				GCC_DYNAMIC_NO_PIC = NO;
				GCC_NO_COMMON_BLOCKS = YES;
				GCC_OPTIMIZATION_LEVEL = 0;
				GCC_PREPROCESSOR_DEFINITIONS = (
					"DEBUG=1",
					"$(inherited)",
				);
				GCC_WARN_64_TO_32_BIT_CONVERSION = YES;
				GCC_WARN_ABOUT_RETURN_TYPE = YES_ERROR;
				GCC_WARN_UNDECLARED_SELECTOR = YES;
				GCC_WARN_UNINITIALIZED_AUTOS = YES_AGGRESSIVE;
				GCC_WARN_UNUSED_FUNCTION = YES;
				GCC_WARN_UNUSED_VARIABLE = YES;
				IPHONEOS_DEPLOYMENT_TARGET = 9.2;
				MTL_ENABLE_DEBUG_INFO = YES;
				ONLY_ACTIVE_ARCH = YES;
				SDKROOT = iphoneos;
				SWIFT_OPTIMIZATION_LEVEL = "-Onone";
				TARGETED_DEVICE_FAMILY = "1,2";
			};
			name = Debug;
		};
		ED09E61F1C383C7B00BC1E6A /* Release */ = {
			isa = XCBuildConfiguration;
			buildSettings = {
				ALWAYS_SEARCH_USER_PATHS = NO;
				CLANG_CXX_LANGUAGE_STANDARD = "gnu++0x";
				CLANG_CXX_LIBRARY = "libc++";
				CLANG_ENABLE_MODULES = YES;
				CLANG_ENABLE_OBJC_ARC = YES;
				CLANG_WARN_BOOL_CONVERSION = YES;
				CLANG_WARN_CONSTANT_CONVERSION = YES;
				CLANG_WARN_DIRECT_OBJC_ISA_USAGE = YES_ERROR;
				CLANG_WARN_EMPTY_BODY = YES;
				CLANG_WARN_ENUM_CONVERSION = YES;
				CLANG_WARN_INT_CONVERSION = YES;
				CLANG_WARN_OBJC_ROOT_CLASS = YES_ERROR;
				CLANG_WARN_UNREACHABLE_CODE = YES;
				CLANG_WARN__DUPLICATE_METHOD_MATCH = YES;
				"CODE_SIGN_IDENTITY[sdk=iphoneos*]" = "iPhone Developer";
				COPY_PHASE_STRIP = NO;
				DEBUG_INFORMATION_FORMAT = "dwarf-with-dsym";
				ENABLE_NS_ASSERTIONS = NO;
				ENABLE_STRICT_OBJC_MSGSEND = YES;
				GCC_C_LANGUAGE_STANDARD = gnu99;
				GCC_NO_COMMON_BLOCKS = YES;
				GCC_WARN_64_TO_32_BIT_CONVERSION = YES;
				GCC_WARN_ABOUT_RETURN_TYPE = YES_ERROR;
				GCC_WARN_UNDECLARED_SELECTOR = YES;
				GCC_WARN_UNINITIALIZED_AUTOS = YES_AGGRESSIVE;
				GCC_WARN_UNUSED_FUNCTION = YES;
				GCC_WARN_UNUSED_VARIABLE = YES;
				IPHONEOS_DEPLOYMENT_TARGET = 9.2;
				MTL_ENABLE_DEBUG_INFO = NO;
				SDKROOT = iphoneos;
				TARGETED_DEVICE_FAMILY = "1,2";
				VALIDATE_PRODUCT = YES;
			};
			name = Release;
		};
		ED09E6211C383C7B00BC1E6A /* Debug */ = {
			isa = XCBuildConfiguration;
			buildSettings = {
				ASSETCATALOG_COMPILER_APPICON_NAME = AppIcon;
				INFOPLIST_FILE = MathLayout/Info.plist;
				LD_RUNPATH_SEARCH_PATHS = "$(inherited) @executable_path/Frameworks";
				PRODUCT_BUNDLE_IDENTIFIER = com.likers33.MathLayout;
				PRODUCT_NAME = "$(TARGET_NAME)";
			};
			name = Debug;
		};
		ED09E6221C383C7B00BC1E6A /* Release */ = {
			isa = XCBuildConfiguration;
			buildSettings = {
				ASSETCATALOG_COMPILER_APPICON_NAME = AppIcon;
				INFOPLIST_FILE = MathLayout/Info.plist;
				LD_RUNPATH_SEARCH_PATHS = "$(inherited) @executable_path/Frameworks";
				PRODUCT_BUNDLE_IDENTIFIER = com.likers33.MathLayout;
				PRODUCT_NAME = "$(TARGET_NAME)";
			};
			name = Release;
		};
/* End XCBuildConfiguration section */

/* Begin XCConfigurationList section */
		ED09E6091C383C7B00BC1E6A /* Build configuration list for PBXProject "MathLayout" */ = {
			isa = XCConfigurationList;
			buildConfigurations = (
				ED09E61E1C383C7B00BC1E6A /* Debug */,
				ED09E61F1C383C7B00BC1E6A /* Release */,
			);
			defaultConfigurationIsVisible = 0;
			defaultConfigurationName = Release;
		};
		ED09E6201C383C7B00BC1E6A /* Build configuration list for PBXNativeTarget "MathLayout" */ = {
			isa = XCConfigurationList;
			buildConfigurations = (
				ED09E6211C383C7B00BC1E6A /* Debug */,
				ED09E6221C383C7B00BC1E6A /* Release */,
			);
			defaultConfigurationIsVisible = 0;
		};
/* End XCConfigurationList section */
	};
	rootObject = ED09E6061C383C7B00BC1E6A /* Project object */;
}
